{
  "version": 4,
  "terraform_version": "1.1.8",
  "serial": 68,
  "lineage": "c3e31fd9-a70f-cb6a-3e24-31e46e0d6ea2",
  "outputs": {},
  "resources": [
    {
      "mode": "data",
      "type": "template_file",
      "name": "cloud_init",
      "provider": "provider[\"registry.terraform.io/hashicorp/template\"]",
      "instances": [
        {
          "schema_version": 0,
          "attributes": {
            "filename": null,
            "id": "96739a0630e00f263f6d5aa643327555249826d6af3580ceb93449134307f9ba",
            "rendered": "#cloud-config\nssh_pwauth: True\nchpasswd:\n  list: |\n    root:centos\n    centos:centos\n  expire: False\n",
            "template": "#cloud-config\nssh_pwauth: True\nchpasswd:\n  list: |\n    root:centos\n    centos:centos\n  expire: False\n",
            "vars": null
          },
          "sensitive_attributes": []
        }
      ]
    },
    {
      "mode": "managed",
      "type": "libvirt_cloudinit_disk",
      "name": "cloud_init",
      "provider": "provider[\"registry.terraform.io/dmacvicar/libvirt\"]",
      "instances": [
        {
          "schema_version": 0,
          "attributes": {
            "id": "/tmp/libvirt-pool-khutulun/cloud_init.iso;70618a49-943d-460e-8a30-a422ae477a9e",
            "meta_data": "",
            "name": "cloud_init.iso",
            "network_config": "",
            "pool": "khutulun",
            "user_data": "#cloud-config\nssh_pwauth: True\nchpasswd:\n  list: |\n    root:centos\n    centos:centos\n  expire: False\n"
          },
          "sensitive_attributes": [],
          "private": "bnVsbA==",
          "dependencies": [
            "data.template_file.cloud_init",
            "libvirt_pool.khutulun"
          ]
        }
      ]
    },
    {
      "mode": "managed",
      "type": "libvirt_domain",
      "name": "host1",
      "provider": "provider[\"registry.terraform.io/dmacvicar/libvirt\"]",
      "instances": [
        {
          "schema_version": 0,
          "attributes": {
            "arch": "x86_64",
            "autostart": true,
            "boot_device": [],
            "cloudinit": "/tmp/libvirt-pool-khutulun/cloud_init.iso;70618a49-943d-460e-8a30-a422ae477a9e",
            "cmdline": [],
            "console": [
              {
                "source_host": "127.0.0.1",
                "source_path": "",
                "source_service": "0",
                "target_port": "0",
                "target_type": "serial",
                "type": "pty"
              }
            ],
            "coreos_ignition": null,
            "cpu": [],
            "description": "",
            "disk": [
              {
                "block_device": "",
                "file": "",
                "scsi": false,
                "url": "",
                "volume_id": "/tmp/libvirt-pool-khutulun/centos.qcow2",
                "wwn": ""
              }
            ],
            "emulator": "/usr/bin/qemu-system-x86_64",
            "filesystem": [],
            "firmware": "",
            "fw_cfg_name": "opt/com.coreos/config",
            "graphics": [
              {
                "autoport": true,
                "listen_address": "127.0.0.1",
                "listen_type": "address",
                "type": "spice",
                "websocket": 0
              }
            ],
            "id": "22c7300c-481a-4ba1-81e3-d3ddb2216e0b",
            "initrd": "",
            "kernel": "",
            "machine": "pc",
            "memory": 2048,
            "metadata": null,
            "name": "host1",
            "network_interface": [
              {
                "addresses": [
                  "192.168.123.26"
                ],
                "bridge": "",
                "hostname": "",
                "mac": "52:54:00:D2:2A:5A",
                "macvtap": "",
                "network_id": "1ed49c73-d133-41fc-980b-6f1ec55d4d24",
                "network_name": "khutulun",
                "passthrough": "",
                "vepa": "",
                "wait_for_lease": false
              }
            ],
            "nvram": [],
            "qemu_agent": false,
            "running": true,
            "timeouts": null,
            "tpm": [],
            "vcpu": 2,
            "video": [],
            "xml": []
          },
          "sensitive_attributes": [],
          "private": "eyJlMmJmYjczMC1lY2FhLTExZTYtOGY4OC0zNDM2M2JjN2M0YzAiOnsiY3JlYXRlIjozMDAwMDAwMDAwMDB9fQ==",
          "dependencies": [
            "data.template_file.cloud_init",
            "libvirt_cloudinit_disk.cloud_init",
            "libvirt_network.khutulun",
            "libvirt_pool.khutulun",
            "libvirt_volume.centos-qcow2"
          ]
        }
      ]
    },
    {
      "mode": "managed",
      "type": "libvirt_network",
      "name": "khutulun",
      "provider": "provider[\"registry.terraform.io/dmacvicar/libvirt\"]",
      "instances": [
        {
          "schema_version": 0,
          "attributes": {
            "addresses": [
              "192.168.123.0/24"
            ],
            "autostart": true,
            "bridge": "virbr1",
            "dhcp": [],
            "dns": [],
            "dnsmasq_options": [],
            "domain": null,
            "id": "1ed49c73-d133-41fc-980b-6f1ec55d4d24",
            "mode": "nat",
            "mtu": null,
            "name": "khutulun",
            "routes": [],
            "xml": []
          },
          "sensitive_attributes": [],
          "private": "bnVsbA=="
        }
      ]
    },
    {
      "mode": "managed",
      "type": "libvirt_pool",
      "name": "khutulun",
      "provider": "provider[\"registry.terraform.io/dmacvicar/libvirt\"]",
      "instances": [
        {
          "schema_version": 0,
          "attributes": {
            "allocation": 1753780224,
            "available": null,
            "capacity": 33656303616,
            "id": "ebde3430-dba8-4d84-ac82-e4c19adb6a9b",
            "name": "khutulun",
            "path": "/tmp/libvirt-pool-khutulun",
            "type": "dir",
            "xml": []
          },
          "sensitive_attributes": [],
          "private": "bnVsbA=="
        }
      ]
    },
    {
      "mode": "managed",
      "type": "libvirt_volume",
      "name": "centos-qcow2",
      "provider": "provider[\"registry.terraform.io/dmacvicar/libvirt\"]",
      "instances": [
        {
          "schema_version": 0,
          "attributes": {
            "base_volume_id": null,
            "base_volume_name": null,
            "base_volume_pool": null,
            "format": "qcow2",
            "id": "/tmp/libvirt-pool-khutulun/centos.qcow2",
            "name": "centos.qcow2",
            "pool": "khutulun",
            "size": 10737418240,
            "source": "https://cloud.centos.org/centos/8-stream/x86_64/images/CentOS-Stream-GenericCloud-8-20220125.1.x86_64.qcow2",
            "xml": []
          },
          "sensitive_attributes": [],
          "private": "bnVsbA==",
          "dependencies": [
            "libvirt_pool.khutulun"
          ]
        }
      ]
    }
  ]
}
